{
  "meteor": {},
  "dependencies": {
    "basePackages": {
      "moment": {},
      "collection-hooks": {}
    },
    "packages": {
      "moment": {
        "git": "https://github.com/acreeger/meteor-moment.git",
        "tag": "v2.6.0",
        "commit": "26156df681750fd6e6ed77043eef32b6653ebbdf"
      },
      "collection-hooks": {
        "git": "https://github.com/matb33/meteor-collection-hooks.git",
        "tag": "v0.7.0",
        "commit": "20a6de81f3818f112bccf67b5e1d3db342cf0b18"
      }
    }
  }
}
